
Microsoft Visual Studio Solution File, Format Version 12.00
# Visual Studio Version 16
VisualStudioVersion = 16.0.31410.357
MinimumVisualStudioVersion = 10.0.40219.1
Project("{FAE04EC0-301F-11D3-BF4B-00C04F79EFBC}") = "ExtraFluentApi", "ExtraFluentApi\ExtraFluentApi.csproj", "{74731B74-C297-44FF-9ECE-357C57445F02}"
EndProject
Global
	GlobalSection(SolutionConfigurationPlatforms) = preSolution
		Debug|Any CPU = Debug|Any CPU
		Release|Any CPU = Release|Any CPU
	EndGlobalSection
	GlobalSection(ProjectConfigurationPlatforms) = postSolution
		{74731B74-C297-44FF-9ECE-357C57445F02}.Debug|Any CPU.ActiveCfg = Debug|Any CPU
		{74731B74-C297-44FF-9ECE-357C57445F02}.Debug|Any CPU.Build.0 = Debug|Any CPU
		{74731B74-C297-44FF-9ECE-357C57445F02}.Release|Any CPU.ActiveCfg = Release|Any CPU
		{74731B74-C297-44FF-9ECE-357C57445F02}.Release|Any CPU.Build.0 = Release|Any CPU
	EndGlobalSection
	GlobalSection(SolutionProperties) = preSolution
		HideSolutionNode = FALSE
	EndGlobalSection
	GlobalSection(ExtensibilityGlobals) = postSolution
		SolutionGuid = {459BF7D3-5C03-4964-B745-CF14450AF3CF}
	EndGlobalSection
EndGlobal
